
Microsoft Visual Studio Solution File, Format Version 12.00
# Visual Studio Version 16
VisualStudioVersion = 16.0.31019.35
MinimumVisualStudioVersion = 10.0.40219.1
Project("{FAE04EC0-301F-11D3-BF4B-00C04F79EFBC}") = "EF5MySQLNetCoreDemo", "EF5MySQLNetCoreDemo.csproj", "{654A2057-F244-419D-BDFC-D8364B4813BD}"
EndProject
Global
	GlobalSection(SolutionConfigurationPlatforms) = preSolution
		Debug|Any CPU = Debug|Any CPU
		Release|Any CPU = Release|Any CPU
	EndGlobalSection
	GlobalSection(ProjectConfigurationPlatforms) = postSolution
		{654A2057-F244-419D-BDFC-D8364B4813BD}.Debug|Any CPU.ActiveCfg = Debug|Any CPU
		{654A2057-F244-419D-BDFC-D8364B4813BD}.Debug|Any CPU.Build.0 = Debug|Any CPU
		{654A2057-F244-419D-BDFC-D8364B4813BD}.Release|Any CPU.ActiveCfg = Release|Any CPU
		{654A2057-F244-419D-BDFC-D8364B4813BD}.Release|Any CPU.Build.0 = Release|Any CPU
	EndGlobalSection
	GlobalSection(SolutionProperties) = preSolution
		HideSolutionNode = FALSE
	EndGlobalSection
	GlobalSection(ExtensibilityGlobals) = postSolution
		SolutionGuid = {4BE70D05-4625-4544-A2B5-0FFFE4612966}
	EndGlobalSection
EndGlobal
